
Microsoft Visual Studio Solution File, Format Version 12.00
# Visual Studio Version 17
VisualStudioVersion = 17.14.36705.20 d17.14
MinimumVisualStudioVersion = 10.0.40219.1
Project("{FAE04EC0-301F-11D3-BF4B-00C04F79EFBC}") = "SmartParkingSystem", "SmartParkingSystem\SmartParkingSystem.csproj", "{EE373654-3104-4548-8519-E581C48AF3A0}"
EndProject
Project("{FAE04EC0-301F-11D3-BF4B-00C04F79EFBC}") = "SmartParking.Core", "SmartParking.Core\SmartParking.Core.csproj", "{40C9BDDC-66C7-43E9-8FB9-E2393A0413BC}"
EndProject
Project("{FAE04EC0-301F-11D3-BF4B-00C04F79EFBC}") = "SmartParking.Repository", "SmartParking.Repository\SmartParking.Repository.csproj", "{BE390CF8-9A29-4C37-84AE-BF2ED049F96E}"
EndProject
Global
	GlobalSection(SolutionConfigurationPlatforms) = preSolution
		Debug|Any CPU = Debug|Any CPU
		Release|Any CPU = Release|Any CPU
	EndGlobalSection
	GlobalSection(ProjectConfigurationPlatforms) = postSolution
		{EE373654-3104-4548-8519-E581C48AF3A0}.Debug|Any CPU.ActiveCfg = Debug|Any CPU
		{EE373654-3104-4548-8519-E581C48AF3A0}.Debug|Any CPU.Build.0 = Debug|Any CPU
		{EE373654-3104-4548-8519-E581C48AF3A0}.Release|Any CPU.ActiveCfg = Release|Any CPU
		{EE373654-3104-4548-8519-E581C48AF3A0}.Release|Any CPU.Build.0 = Release|Any CPU
		{40C9BDDC-66C7-43E9-8FB9-E2393A0413BC}.Debug|Any CPU.ActiveCfg = Debug|Any CPU
		{40C9BDDC-66C7-43E9-8FB9-E2393A0413BC}.Debug|Any CPU.Build.0 = Debug|Any CPU
		{40C9BDDC-66C7-43E9-8FB9-E2393A0413BC}.Release|Any CPU.ActiveCfg = Release|Any CPU
		{40C9BDDC-66C7-43E9-8FB9-E2393A0413BC}.Release|Any CPU.Build.0 = Release|Any CPU
		{BE390CF8-9A29-4C37-84AE-BF2ED049F96E}.Debug|Any CPU.ActiveCfg = Debug|Any CPU
		{BE390CF8-9A29-4C37-84AE-BF2ED049F96E}.Debug|Any CPU.Build.0 = Debug|Any CPU
		{BE390CF8-9A29-4C37-84AE-BF2ED049F96E}.Release|Any CPU.ActiveCfg = Release|Any CPU
		{BE390CF8-9A29-4C37-84AE-BF2ED049F96E}.Release|Any CPU.Build.0 = Release|Any CPU
	EndGlobalSection
	GlobalSection(SolutionProperties) = preSolution
		HideSolutionNode = FALSE
	EndGlobalSection
	GlobalSection(ExtensibilityGlobals) = postSolution
		SolutionGuid = {A12D2545-D2E4-42BE-9593-ADEAFAA34CE1}
	EndGlobalSection
EndGlobal
